
Microsoft Visual Studio Solution File, Format Version 12.00
# Visual Studio Version 17
VisualStudioVersion = 17.5.33530.505
MinimumVisualStudioVersion = 10.0.40219.1
Project("{FAE04EC0-301F-11D3-BF4B-00C04F79EFBC}") = "ConsoleApp4", "ConsoleApp4\ConsoleApp4.csproj", "{B8F708BD-E92F-430A-A75F-6E716D88F0B8}"
EndProject
Global
	GlobalSection(SolutionConfigurationPlatforms) = preSolution
		Debug|Any CPU = Debug|Any CPU
		Release|Any CPU = Release|Any CPU
	EndGlobalSection
	GlobalSection(ProjectConfigurationPlatforms) = postSolution
		{B8F708BD-E92F-430A-A75F-6E716D88F0B8}.Debug|Any CPU.ActiveCfg = Debug|Any CPU
		{B8F708BD-E92F-430A-A75F-6E716D88F0B8}.Debug|Any CPU.Build.0 = Debug|Any CPU
		{B8F708BD-E92F-430A-A75F-6E716D88F0B8}.Release|Any CPU.ActiveCfg = Release|Any CPU
		{B8F708BD-E92F-430A-A75F-6E716D88F0B8}.Release|Any CPU.Build.0 = Release|Any CPU
	EndGlobalSection
	GlobalSection(SolutionProperties) = preSolution
		HideSolutionNode = FALSE
	EndGlobalSection
	GlobalSection(ExtensibilityGlobals) = postSolution
		SolutionGuid = {51FA78DA-0197-4A1F-88DA-8022838D033D}
	EndGlobalSection
EndGlobal
